Microsoft Visual Studio Solution File, Format Version 11.00
# Visual Studio 2008

Project("{1E9D0B16-4088-2455-66A1-EACBC45CAD65}") = "Pacman-test", "Assembly-CSharp.csproj", "{72EB6624-93F1-6BB6-1295-29E87EC90B68}"
EndProject
Global
	GlobalSection(SolutionConfigurationPlatforms) = preSolution
		Debug|Any CPU = Debug|Any CPU
		Release|Any CPU = Release|Any CPU
	EndGlobalSection
	GlobalSection(ProjectConfigurationPlatforms) = postSolution
		{72EB6624-93F1-6BB6-1295-29E87EC90B68}.Debug|Any CPU.ActiveCfg = Debug|Any CPU
		{72EB6624-93F1-6BB6-1295-29E87EC90B68}.Debug|Any CPU.Build.0 = Debug|Any CPU
		{72EB6624-93F1-6BB6-1295-29E87EC90B68}.Release|Any CPU.ActiveCfg = Release|Any CPU
		{72EB6624-93F1-6BB6-1295-29E87EC90B68}.Release|Any CPU.Build.0 = Release|Any CPU
	EndGlobalSection
	GlobalSection(SolutionProperties) = preSolution
		HideSolutionNode = FALSE
	EndGlobalSection
	GlobalSection(MonoDevelopProperties) = preSolution
		StartupItem = Assembly-CSharp.csproj
	EndGlobalSection
EndGlobal
